
Microsoft Visual Studio Solution File, Format Version 12.00
# Visual Studio Version 16
VisualStudioVersion = 16.0.31025.194
MinimumVisualStudioVersion = 10.0.40219.1
Project("{2150E333-8FDC-42A3-9474-1A3956D46DE8}") = "Services", "Services", "{E094FBEA-F582-47F2-9BA9-48D9C8FF3708}"
EndProject
Project("{2150E333-8FDC-42A3-9474-1A3956D46DE8}") = "AuthenticationService", "AuthenticationService", "{DF351B50-54F7-43BD-9479-92CE58B72C54}"
EndProject
Project("{9A19103F-16F7-4668-BE54-9A1E7A4F7556}") = "Authentication.API", "Services\AuthenticationService\Authentication.API\Authentication.API.csproj", "{9C8C566A-AAC7-45F1-A64A-0B3350C3AC14}"
EndProject
Project("{2150E333-8FDC-42A3-9474-1A3956D46DE8}") = "CrewService", "CrewService", "{8C1D8386-6BE7-4C67-A644-AE1621639D8D}"
EndProject
Project("{9A19103F-16F7-4668-BE54-9A1E7A4F7556}") = "Crew.API", "Services\CrewService\Crew.API\Crew.API.csproj", "{D13DBB8A-0111-4D32-AC85-E84F3F4F720D}"
EndProject
Project("{E53339B2-1760-4266-BCC7-CA923CBCF16C}") = "docker-compose", "docker-compose.dcproj", "{D659CFB1-B522-4650-85EE-BBE1833450E5}"
EndProject
Project("{9A19103F-16F7-4668-BE54-9A1E7A4F7556}") = "CrewService.Domain", "Services\CrewService\CrewService.Domain\CrewService.Domain.csproj", "{67655B18-E6B3-4A86-AEB9-851BA810760B}"
EndProject
Project("{9A19103F-16F7-4668-BE54-9A1E7A4F7556}") = "CrewService.Application", "Services\CrewService\CrewService.Application\CrewService.Application.csproj", "{032C9079-8A4B-4B47-A644-92B5F8EA0933}"
EndProject
Project("{9A19103F-16F7-4668-BE54-9A1E7A4F7556}") = "CrewService.Infrastructure", "Services\CrewService\CrewService.Infrastructure\CrewService.Infrastructure.csproj", "{4A84B0CE-1B99-4691-81A3-73D61A349FD9}"
EndProject
Project("{2150E333-8FDC-42A3-9474-1A3956D46DE8}") = "PilotService", "PilotService", "{D4F848E9-B331-483E-8856-0F8833705552}"
EndProject
Project("{9A19103F-16F7-4668-BE54-9A1E7A4F7556}") = "Pilot.API", "Services\PilotService\Pilot.API\Pilot.API.csproj", "{0FDE7C1B-A2AE-4ECF-8220-6587B6B8FD51}"
EndProject
Project("{9A19103F-16F7-4668-BE54-9A1E7A4F7556}") = "Pilot.Application", "Services\PilotService\Pilot.Application\Pilot.Application.csproj", "{A94584DA-F0CE-4AEA-9F39-054B8B01B9EC}"
EndProject
Project("{9A19103F-16F7-4668-BE54-9A1E7A4F7556}") = "Pilot.Domain", "Services\PilotService\Pilot.Domain\Pilot.Domain.csproj", "{7FFBDD4D-42BB-42DC-91D2-98A386D516E9}"
EndProject
Project("{9A19103F-16F7-4668-BE54-9A1E7A4F7556}") = "Pilot.Infrastructure", "Services\PilotService\Pilot.Infrastructure\Pilot.Infrastructure.csproj", "{AE8131F7-1662-4F74-9B08-C32E96216A00}"
EndProject
Project("{2150E333-8FDC-42A3-9474-1A3956D46DE8}") = "FlightService", "FlightService", "{6AB964A6-AD27-4C8F-982B-65795C94A46E}"
EndProject
Project("{9A19103F-16F7-4668-BE54-9A1E7A4F7556}") = "Flight.API", "Services\FlightService\Flight.API\Flight.API.csproj", "{463A9B6B-FF87-43C8-AD0A-9F43716CC6E1}"
EndProject
Project("{9A19103F-16F7-4668-BE54-9A1E7A4F7556}") = "FlightService.Application", "Services\FlightService\FlightService.Application\FlightService.Application.csproj", "{65D99537-02B0-4DF2-B8FE-5F441067C4E8}"
EndProject
Project("{9A19103F-16F7-4668-BE54-9A1E7A4F7556}") = "FlightService.Domain", "Services\FlightService\FlightService.Domain\FlightService.Domain.csproj", "{3EEB3B85-A19B-4560-A19F-3277C62D1BB5}"
EndProject
Project("{9A19103F-16F7-4668-BE54-9A1E7A4F7556}") = "FlightService.Infrastructure", "Services\FlightService\FlightService.Infrastructure\FlightService.Infrastructure.csproj", "{77C3E5DB-6AAA-4CEB-8655-75AE9D9BF62D}"
EndProject
Project("{2150E333-8FDC-42A3-9474-1A3956D46DE8}") = "BuildingBlocks", "BuildingBlocks", "{30615106-9124-4FBD-8E1F-CFB0F3F9C333}"
EndProject
Project("{9A19103F-16F7-4668-BE54-9A1E7A4F7556}") = "EventBus.Messages", "BuildingBlocks\EventBus.Messages\EventBus.Messages.csproj", "{DE4A3C25-A0FF-4078-80E8-EC5C8CB84E2E}"
EndProject
Project("{2150E333-8FDC-42A3-9474-1A3956D46DE8}") = "ApiGateways", "ApiGateways", "{4CAFEC43-00D2-4470-B768-12AEF7DB62FD}"
EndProject
Project("{FAE04EC0-301F-11D3-BF4B-00C04F79EFBC}") = "OcelotGateway", "ApiGateways\OcelotGateway\OcelotGateway.csproj", "{8831BAF7-2614-44F9-938A-3E5E22AC9F9C}"
EndProject
Global
	GlobalSection(SolutionConfigurationPlatforms) = preSolution
		Debug|Any CPU = Debug|Any CPU
		Release|Any CPU = Release|Any CPU
	EndGlobalSection
	GlobalSection(ProjectConfigurationPlatforms) = postSolution
		{9C8C566A-AAC7-45F1-A64A-0B3350C3AC14}.Debug|Any CPU.ActiveCfg = Debug|Any CPU
		{9C8C566A-AAC7-45F1-A64A-0B3350C3AC14}.Debug|Any CPU.Build.0 = Debug|Any CPU
		{9C8C566A-AAC7-45F1-A64A-0B3350C3AC14}.Release|Any CPU.ActiveCfg = Release|Any CPU
		{9C8C566A-AAC7-45F1-A64A-0B3350C3AC14}.Release|Any CPU.Build.0 = Release|Any CPU
		{D13DBB8A-0111-4D32-AC85-E84F3F4F720D}.Debug|Any CPU.ActiveCfg = Debug|Any CPU
		{D13DBB8A-0111-4D32-AC85-E84F3F4F720D}.Debug|Any CPU.Build.0 = Debug|Any CPU
		{D13DBB8A-0111-4D32-AC85-E84F3F4F720D}.Release|Any CPU.ActiveCfg = Release|Any CPU
		{D13DBB8A-0111-4D32-AC85-E84F3F4F720D}.Release|Any CPU.Build.0 = Release|Any CPU
		{D659CFB1-B522-4650-85EE-BBE1833450E5}.Debug|Any CPU.ActiveCfg = Debug|Any CPU
		{D659CFB1-B522-4650-85EE-BBE1833450E5}.Debug|Any CPU.Build.0 = Debug|Any CPU
		{D659CFB1-B522-4650-85EE-BBE1833450E5}.Release|Any CPU.ActiveCfg = Release|Any CPU
		{D659CFB1-B522-4650-85EE-BBE1833450E5}.Release|Any CPU.Build.0 = Release|Any CPU
		{67655B18-E6B3-4A86-AEB9-851BA810760B}.Debug|Any CPU.ActiveCfg = Debug|Any CPU
		{67655B18-E6B3-4A86-AEB9-851BA810760B}.Debug|Any CPU.Build.0 = Debug|Any CPU
		{67655B18-E6B3-4A86-AEB9-851BA810760B}.Release|Any CPU.ActiveCfg = Release|Any CPU
		{67655B18-E6B3-4A86-AEB9-851BA810760B}.Release|Any CPU.Build.0 = Release|Any CPU
		{032C9079-8A4B-4B47-A644-92B5F8EA0933}.Debug|Any CPU.ActiveCfg = Debug|Any CPU
		{032C9079-8A4B-4B47-A644-92B5F8EA0933}.Debug|Any CPU.Build.0 = Debug|Any CPU
		{032C9079-8A4B-4B47-A644-92B5F8EA0933}.Release|Any CPU.ActiveCfg = Release|Any CPU
		{032C9079-8A4B-4B47-A644-92B5F8EA0933}.Release|Any CPU.Build.0 = Release|Any CPU
		{4A84B0CE-1B99-4691-81A3-73D61A349FD9}.Debug|Any CPU.ActiveCfg = Debug|Any CPU
		{4A84B0CE-1B99-4691-81A3-73D61A349FD9}.Debug|Any CPU.Build.0 = Debug|Any CPU
		{4A84B0CE-1B99-4691-81A3-73D61A349FD9}.Release|Any CPU.ActiveCfg = Release|Any CPU
		{4A84B0CE-1B99-4691-81A3-73D61A349FD9}.Release|Any CPU.Build.0 = Release|Any CPU
		{0FDE7C1B-A2AE-4ECF-8220-6587B6B8FD51}.Debug|Any CPU.ActiveCfg = Debug|Any CPU
		{0FDE7C1B-A2AE-4ECF-8220-6587B6B8FD51}.Debug|Any CPU.Build.0 = Debug|Any CPU
		{0FDE7C1B-A2AE-4ECF-8220-6587B6B8FD51}.Release|Any CPU.ActiveCfg = Release|Any CPU
		{0FDE7C1B-A2AE-4ECF-8220-6587B6B8FD51}.Release|Any CPU.Build.0 = Release|Any CPU
		{A94584DA-F0CE-4AEA-9F39-054B8B01B9EC}.Debug|Any CPU.ActiveCfg = Debug|Any CPU
		{A94584DA-F0CE-4AEA-9F39-054B8B01B9EC}.Debug|Any CPU.Build.0 = Debug|Any CPU
		{A94584DA-F0CE-4AEA-9F39-054B8B01B9EC}.Release|Any CPU.ActiveCfg = Release|Any CPU
		{A94584DA-F0CE-4AEA-9F39-054B8B01B9EC}.Release|Any CPU.Build.0 = Release|Any CPU
		{7FFBDD4D-42BB-42DC-91D2-98A386D516E9}.Debug|Any CPU.ActiveCfg = Debug|Any CPU
		{7FFBDD4D-42BB-42DC-91D2-98A386D516E9}.Debug|Any CPU.Build.0 = Debug|Any CPU
		{7FFBDD4D-42BB-42DC-91D2-98A386D516E9}.Release|Any CPU.ActiveCfg = Release|Any CPU
		{7FFBDD4D-42BB-42DC-91D2-98A386D516E9}.Release|Any CPU.Build.0 = Release|Any CPU
		{AE8131F7-1662-4F74-9B08-C32E96216A00}.Debug|Any CPU.ActiveCfg = Debug|Any CPU
		{AE8131F7-1662-4F74-9B08-C32E96216A00}.Debug|Any CPU.Build.0 = Debug|Any CPU
		{AE8131F7-1662-4F74-9B08-C32E96216A00}.Release|Any CPU.ActiveCfg = Release|Any CPU
		{AE8131F7-1662-4F74-9B08-C32E96216A00}.Release|Any CPU.Build.0 = Release|Any CPU
		{463A9B6B-FF87-43C8-AD0A-9F43716CC6E1}.Debug|Any CPU.ActiveCfg = Debug|Any CPU
		{463A9B6B-FF87-43C8-AD0A-9F43716CC6E1}.Debug|Any CPU.Build.0 = Debug|Any CPU
		{463A9B6B-FF87-43C8-AD0A-9F43716CC6E1}.Release|Any CPU.ActiveCfg = Release|Any CPU
		{463A9B6B-FF87-43C8-AD0A-9F43716CC6E1}.Release|Any CPU.Build.0 = Release|Any CPU
		{65D99537-02B0-4DF2-B8FE-5F441067C4E8}.Debug|Any CPU.ActiveCfg = Debug|Any CPU
		{65D99537-02B0-4DF2-B8FE-5F441067C4E8}.Debug|Any CPU.Build.0 = Debug|Any CPU
		{65D99537-02B0-4DF2-B8FE-5F441067C4E8}.Release|Any CPU.ActiveCfg = Release|Any CPU
		{65D99537-02B0-4DF2-B8FE-5F441067C4E8}.Release|Any CPU.Build.0 = Release|Any CPU
		{3EEB3B85-A19B-4560-A19F-3277C62D1BB5}.Debug|Any CPU.ActiveCfg = Debug|Any CPU
		{3EEB3B85-A19B-4560-A19F-3277C62D1BB5}.Debug|Any CPU.Build.0 = Debug|Any CPU
		{3EEB3B85-A19B-4560-A19F-3277C62D1BB5}.Release|Any CPU.ActiveCfg = Release|Any CPU
		{3EEB3B85-A19B-4560-A19F-3277C62D1BB5}.Release|Any CPU.Build.0 = Release|Any CPU
		{77C3E5DB-6AAA-4CEB-8655-75AE9D9BF62D}.Debug|Any CPU.ActiveCfg = Debug|Any CPU
		{77C3E5DB-6AAA-4CEB-8655-75AE9D9BF62D}.Debug|Any CPU.Build.0 = Debug|Any CPU
		{77C3E5DB-6AAA-4CEB-8655-75AE9D9BF62D}.Release|Any CPU.ActiveCfg = Release|Any CPU
		{77C3E5DB-6AAA-4CEB-8655-75AE9D9BF62D}.Release|Any CPU.Build.0 = Release|Any CPU
		{DE4A3C25-A0FF-4078-80E8-EC5C8CB84E2E}.Debug|Any CPU.ActiveCfg = Debug|Any CPU
		{DE4A3C25-A0FF-4078-80E8-EC5C8CB84E2E}.Debug|Any CPU.Build.0 = Debug|Any CPU
		{DE4A3C25-A0FF-4078-80E8-EC5C8CB84E2E}.Release|Any CPU.ActiveCfg = Release|Any CPU
		{DE4A3C25-A0FF-4078-80E8-EC5C8CB84E2E}.Release|Any CPU.Build.0 = Release|Any CPU
		{8831BAF7-2614-44F9-938A-3E5E22AC9F9C}.Debug|Any CPU.ActiveCfg = Debug|Any CPU
		{8831BAF7-2614-44F9-938A-3E5E22AC9F9C}.Debug|Any CPU.Build.0 = Debug|Any CPU
		{8831BAF7-2614-44F9-938A-3E5E22AC9F9C}.Release|Any CPU.ActiveCfg = Release|Any CPU
		{8831BAF7-2614-44F9-938A-3E5E22AC9F9C}.Release|Any CPU.Build.0 = Release|Any CPU
	EndGlobalSection
	GlobalSection(SolutionProperties) = preSolution
		HideSolutionNode = FALSE
	EndGlobalSection
	GlobalSection(NestedProjects) = preSolution
		{DF351B50-54F7-43BD-9479-92CE58B72C54} = {E094FBEA-F582-47F2-9BA9-48D9C8FF3708}
		{9C8C566A-AAC7-45F1-A64A-0B3350C3AC14} = {DF351B50-54F7-43BD-9479-92CE58B72C54}
		{8C1D8386-6BE7-4C67-A644-AE1621639D8D} = {E094FBEA-F582-47F2-9BA9-48D9C8FF3708}
		{D13DBB8A-0111-4D32-AC85-E84F3F4F720D} = {8C1D8386-6BE7-4C67-A644-AE1621639D8D}
		{67655B18-E6B3-4A86-AEB9-851BA810760B} = {8C1D8386-6BE7-4C67-A644-AE1621639D8D}
		{032C9079-8A4B-4B47-A644-92B5F8EA0933} = {8C1D8386-6BE7-4C67-A644-AE1621639D8D}
		{4A84B0CE-1B99-4691-81A3-73D61A349FD9} = {8C1D8386-6BE7-4C67-A644-AE1621639D8D}
		{D4F848E9-B331-483E-8856-0F8833705552} = {E094FBEA-F582-47F2-9BA9-48D9C8FF3708}
		{0FDE7C1B-A2AE-4ECF-8220-6587B6B8FD51} = {D4F848E9-B331-483E-8856-0F8833705552}
		{A94584DA-F0CE-4AEA-9F39-054B8B01B9EC} = {D4F848E9-B331-483E-8856-0F8833705552}
		{7FFBDD4D-42BB-42DC-91D2-98A386D516E9} = {D4F848E9-B331-483E-8856-0F8833705552}
		{AE8131F7-1662-4F74-9B08-C32E96216A00} = {D4F848E9-B331-483E-8856-0F8833705552}
		{6AB964A6-AD27-4C8F-982B-65795C94A46E} = {E094FBEA-F582-47F2-9BA9-48D9C8FF3708}
		{463A9B6B-FF87-43C8-AD0A-9F43716CC6E1} = {6AB964A6-AD27-4C8F-982B-65795C94A46E}
		{65D99537-02B0-4DF2-B8FE-5F441067C4E8} = {6AB964A6-AD27-4C8F-982B-65795C94A46E}
		{3EEB3B85-A19B-4560-A19F-3277C62D1BB5} = {6AB964A6-AD27-4C8F-982B-65795C94A46E}
		{77C3E5DB-6AAA-4CEB-8655-75AE9D9BF62D} = {6AB964A6-AD27-4C8F-982B-65795C94A46E}
		{DE4A3C25-A0FF-4078-80E8-EC5C8CB84E2E} = {30615106-9124-4FBD-8E1F-CFB0F3F9C333}
		{8831BAF7-2614-44F9-938A-3E5E22AC9F9C} = {4CAFEC43-00D2-4470-B768-12AEF7DB62FD}
	EndGlobalSection
	GlobalSection(ExtensibilityGlobals) = postSolution
		SolutionGuid = {D03A528C-740D-4E16-9730-D8BD2B581709}
	EndGlobalSection
EndGlobal
